
Microsoft Visual Studio Solution File, Format Version 12.00
# Visual Studio Version 17
VisualStudioVersion = 17.4.33213.308
MinimumVisualStudioVersion = 10.0.40219.1
Project("{FAE04EC0-301F-11D3-BF4B-00C04F79EFBC}") = "Faturamento", "Faturamento\Faturamento.csproj", "{9A660B67-9903-4D95-AFDC-28FBB62D6C3B}"
EndProject
Global
	GlobalSection(SolutionConfigurationPlatforms) = preSolution
		Debug|Any CPU = Debug|Any CPU
		Release|Any CPU = Release|Any CPU
	EndGlobalSection
	GlobalSection(ProjectConfigurationPlatforms) = postSolution
		{9A660B67-9903-4D95-AFDC-28FBB62D6C3B}.Debug|Any CPU.ActiveCfg = Debug|Any CPU
		{9A660B67-9903-4D95-AFDC-28FBB62D6C3B}.Debug|Any CPU.Build.0 = Debug|Any CPU
		{9A660B67-9903-4D95-AFDC-28FBB62D6C3B}.Release|Any CPU.ActiveCfg = Release|Any CPU
		{9A660B67-9903-4D95-AFDC-28FBB62D6C3B}.Release|Any CPU.Build.0 = Release|Any CPU
	EndGlobalSection
	GlobalSection(SolutionProperties) = preSolution
		HideSolutionNode = FALSE
	EndGlobalSection
	GlobalSection(ExtensibilityGlobals) = postSolution
		SolutionGuid = {851BC956-CA64-4582-B211-628222EB6B70}
	EndGlobalSection
EndGlobal
